
Microsoft Visual Studio Solution File, Format Version 12.00
# Visual Studio Version 17
VisualStudioVersion = 17.0.31912.275
MinimumVisualStudioVersion = 10.0.40219.1
Project("{FAE04EC0-301F-11D3-BF4B-00C04F79EFBC}") = "Logica", "Logica\Logica.csproj", "{88AF9F9D-DEFA-4576-B46E-480F97792A6F}"
EndProject
Project("{FAE04EC0-301F-11D3-BF4B-00C04F79EFBC}") = "Entidades", "Entidades\Entidades.csproj", "{148C6B91-0C7E-4B36-A72B-1E8BFCAFBBDF}"
EndProject
Global
	GlobalSection(SolutionConfigurationPlatforms) = preSolution
		Debug|Any CPU = Debug|Any CPU
		Release|Any CPU = Release|Any CPU
	EndGlobalSection
	GlobalSection(ProjectConfigurationPlatforms) = postSolution
		{88AF9F9D-DEFA-4576-B46E-480F97792A6F}.Debug|Any CPU.ActiveCfg = Debug|Any CPU
		{88AF9F9D-DEFA-4576-B46E-480F97792A6F}.Debug|Any CPU.Build.0 = Debug|Any CPU
		{88AF9F9D-DEFA-4576-B46E-480F97792A6F}.Release|Any CPU.ActiveCfg = Release|Any CPU
		{88AF9F9D-DEFA-4576-B46E-480F97792A6F}.Release|Any CPU.Build.0 = Release|Any CPU
		{148C6B91-0C7E-4B36-A72B-1E8BFCAFBBDF}.Debug|Any CPU.ActiveCfg = Debug|Any CPU
		{148C6B91-0C7E-4B36-A72B-1E8BFCAFBBDF}.Debug|Any CPU.Build.0 = Debug|Any CPU
		{148C6B91-0C7E-4B36-A72B-1E8BFCAFBBDF}.Release|Any CPU.ActiveCfg = Release|Any CPU
		{148C6B91-0C7E-4B36-A72B-1E8BFCAFBBDF}.Release|Any CPU.Build.0 = Release|Any CPU
	EndGlobalSection
	GlobalSection(SolutionProperties) = preSolution
		HideSolutionNode = FALSE
	EndGlobalSection
	GlobalSection(ExtensibilityGlobals) = postSolution
		SolutionGuid = {987A5C5D-0E3F-45A0-9BC1-717AB452E1EB}
	EndGlobalSection
EndGlobal
